
Microsoft Visual Studio Solution File, Format Version 12.00
# Visual Studio Version 16
VisualStudioVersion = 16.0.32413.511
MinimumVisualStudioVersion = 10.0.40219.1
Project("{9A19103F-16F7-4668-BE54-9A1E7A4F7556}") = "MID-PLATFORM", "MID-PLATFORM\MID-PLATFORM.csproj", "{5D2A4481-0484-409A-8DB8-F22308920ED8}"
EndProject
Project("{9A19103F-16F7-4668-BE54-9A1E7A4F7556}") = "MID-PLATFORM-CLIENT", "MID-PLATFORM-CLIENT\MID-PLATFORM-CLIENT.csproj", "{8C210910-7E2F-43FA-8B2D-E4FB716A7B8E}"
EndProject
Global
	GlobalSection(SolutionConfigurationPlatforms) = preSolution
		Debug|Any CPU = Debug|Any CPU
		Release|Any CPU = Release|Any CPU
	EndGlobalSection
	GlobalSection(ProjectConfigurationPlatforms) = postSolution
		{5D2A4481-0484-409A-8DB8-F22308920ED8}.Debug|Any CPU.ActiveCfg = Debug|Any CPU
		{5D2A4481-0484-409A-8DB8-F22308920ED8}.Debug|Any CPU.Build.0 = Debug|Any CPU
		{5D2A4481-0484-409A-8DB8-F22308920ED8}.Release|Any CPU.ActiveCfg = Release|Any CPU
		{5D2A4481-0484-409A-8DB8-F22308920ED8}.Release|Any CPU.Build.0 = Release|Any CPU
		{8C210910-7E2F-43FA-8B2D-E4FB716A7B8E}.Debug|Any CPU.ActiveCfg = Debug|Any CPU
		{8C210910-7E2F-43FA-8B2D-E4FB716A7B8E}.Debug|Any CPU.Build.0 = Debug|Any CPU
		{8C210910-7E2F-43FA-8B2D-E4FB716A7B8E}.Release|Any CPU.ActiveCfg = Release|Any CPU
		{8C210910-7E2F-43FA-8B2D-E4FB716A7B8E}.Release|Any CPU.Build.0 = Release|Any CPU
	EndGlobalSection
	GlobalSection(SolutionProperties) = preSolution
		HideSolutionNode = FALSE
	EndGlobalSection
	GlobalSection(ExtensibilityGlobals) = postSolution
		SolutionGuid = {AE6EBB11-F2F4-4899-BDED-A522A7D9F38E}
	EndGlobalSection
EndGlobal
